
Microsoft Visual Studio Solution File, Format Version 12.00
# Visual Studio 2012
Project("{FAE04EC0-301F-11D3-BF4B-00C04F79EFBC}") = "StepthSoft", "StephSoft\StepthSoft.csproj", "{FD1845D5-9382-40D4-852B-FB0BF741DDAD}"
EndProject
Project("{FAE04EC0-301F-11D3-BF4B-00C04F79EFBC}") = "CreativaSL.Dll.StepthSoft.Datos", "CreativaSL.Dll.StephSoft.Datos\CreativaSL.Dll.StepthSoft.Datos.csproj", "{D02B7909-0096-4AA8-AC44-B31449543148}"
EndProject
Project("{FAE04EC0-301F-11D3-BF4B-00C04F79EFBC}") = "CreativaSL.Dll.StepthSoft.Global", "CreativaSL.Dll.StephSoft.Global\CreativaSL.Dll.StepthSoft.Global.csproj", "{DFD391C8-53C7-4D8D-B2B9-B49AFEFF080D}"
EndProject
Project("{FAE04EC0-301F-11D3-BF4B-00C04F79EFBC}") = "CreativaSL.Dll.StepthSoft.Negocio", "CreativaSL.Dll.StephSoft.Negocio\CreativaSL.Dll.StepthSoft.Negocio.csproj", "{DAEAEDC6-EE55-4443-8D3B-1FD76DDAC8B7}"
EndProject
Project("{6141683F-8A12-4E36-9623-2EB02B2C2303}") = "Setup", "Setup\Setup.isproj", "{DA62D8D7-6F30-4AAB-AD50-6E869C4E98C5}"
EndProject
Project("{6141683F-8A12-4E36-9623-2EB02B2C2303}") = "SetupWindows810", "SetupWindows810\SetupWindows810.isproj", "{541F4D57-1517-4058-AB89-C9E48AAD0FBA}"
EndProject
Global
	GlobalSection(SolutionConfigurationPlatforms) = preSolution
		CD_ROM|Any CPU = CD_ROM|Any CPU
		Debug|Any CPU = Debug|Any CPU
		DVD-5|Any CPU = DVD-5|Any CPU
		Release|Any CPU = Release|Any CPU
		SingleImage|Any CPU = SingleImage|Any CPU
	EndGlobalSection
	GlobalSection(ProjectConfigurationPlatforms) = postSolution
		{FD1845D5-9382-40D4-852B-FB0BF741DDAD}.CD_ROM|Any CPU.ActiveCfg = Release|Any CPU
		{FD1845D5-9382-40D4-852B-FB0BF741DDAD}.CD_ROM|Any CPU.Build.0 = Release|Any CPU
		{FD1845D5-9382-40D4-852B-FB0BF741DDAD}.Debug|Any CPU.ActiveCfg = Debug|Any CPU
		{FD1845D5-9382-40D4-852B-FB0BF741DDAD}.Debug|Any CPU.Build.0 = Debug|Any CPU
		{FD1845D5-9382-40D4-852B-FB0BF741DDAD}.DVD-5|Any CPU.ActiveCfg = Debug|Any CPU
		{FD1845D5-9382-40D4-852B-FB0BF741DDAD}.DVD-5|Any CPU.Build.0 = Debug|Any CPU
		{FD1845D5-9382-40D4-852B-FB0BF741DDAD}.Release|Any CPU.ActiveCfg = Release|Any CPU
		{FD1845D5-9382-40D4-852B-FB0BF741DDAD}.Release|Any CPU.Build.0 = Release|Any CPU
		{FD1845D5-9382-40D4-852B-FB0BF741DDAD}.SingleImage|Any CPU.ActiveCfg = Release|Any CPU
		{FD1845D5-9382-40D4-852B-FB0BF741DDAD}.SingleImage|Any CPU.Build.0 = Release|Any CPU
		{D02B7909-0096-4AA8-AC44-B31449543148}.CD_ROM|Any CPU.ActiveCfg = Release|Any CPU
		{D02B7909-0096-4AA8-AC44-B31449543148}.CD_ROM|Any CPU.Build.0 = Release|Any CPU
		{D02B7909-0096-4AA8-AC44-B31449543148}.Debug|Any CPU.ActiveCfg = Debug|Any CPU
		{D02B7909-0096-4AA8-AC44-B31449543148}.Debug|Any CPU.Build.0 = Debug|Any CPU
		{D02B7909-0096-4AA8-AC44-B31449543148}.DVD-5|Any CPU.ActiveCfg = Debug|Any CPU
		{D02B7909-0096-4AA8-AC44-B31449543148}.DVD-5|Any CPU.Build.0 = Debug|Any CPU
		{D02B7909-0096-4AA8-AC44-B31449543148}.Release|Any CPU.ActiveCfg = Release|Any CPU
		{D02B7909-0096-4AA8-AC44-B31449543148}.Release|Any CPU.Build.0 = Release|Any CPU
		{D02B7909-0096-4AA8-AC44-B31449543148}.SingleImage|Any CPU.ActiveCfg = Release|Any CPU
		{D02B7909-0096-4AA8-AC44-B31449543148}.SingleImage|Any CPU.Build.0 = Release|Any CPU
		{DFD391C8-53C7-4D8D-B2B9-B49AFEFF080D}.CD_ROM|Any CPU.ActiveCfg = Release|Any CPU
		{DFD391C8-53C7-4D8D-B2B9-B49AFEFF080D}.CD_ROM|Any CPU.Build.0 = Release|Any CPU
		{DFD391C8-53C7-4D8D-B2B9-B49AFEFF080D}.Debug|Any CPU.ActiveCfg = Debug|Any CPU
		{DFD391C8-53C7-4D8D-B2B9-B49AFEFF080D}.Debug|Any CPU.Build.0 = Debug|Any CPU
		{DFD391C8-53C7-4D8D-B2B9-B49AFEFF080D}.DVD-5|Any CPU.ActiveCfg = Debug|Any CPU
		{DFD391C8-53C7-4D8D-B2B9-B49AFEFF080D}.DVD-5|Any CPU.Build.0 = Debug|Any CPU
		{DFD391C8-53C7-4D8D-B2B9-B49AFEFF080D}.Release|Any CPU.ActiveCfg = Release|Any CPU
		{DFD391C8-53C7-4D8D-B2B9-B49AFEFF080D}.Release|Any CPU.Build.0 = Release|Any CPU
		{DFD391C8-53C7-4D8D-B2B9-B49AFEFF080D}.SingleImage|Any CPU.ActiveCfg = Release|Any CPU
		{DFD391C8-53C7-4D8D-B2B9-B49AFEFF080D}.SingleImage|Any CPU.Build.0 = Release|Any CPU
		{DAEAEDC6-EE55-4443-8D3B-1FD76DDAC8B7}.CD_ROM|Any CPU.ActiveCfg = Release|Any CPU
		{DAEAEDC6-EE55-4443-8D3B-1FD76DDAC8B7}.CD_ROM|Any CPU.Build.0 = Release|Any CPU
		{DAEAEDC6-EE55-4443-8D3B-1FD76DDAC8B7}.Debug|Any CPU.ActiveCfg = Debug|Any CPU
		{DAEAEDC6-EE55-4443-8D3B-1FD76DDAC8B7}.Debug|Any CPU.Build.0 = Debug|Any CPU
		{DAEAEDC6-EE55-4443-8D3B-1FD76DDAC8B7}.DVD-5|Any CPU.ActiveCfg = Debug|Any CPU
		{DAEAEDC6-EE55-4443-8D3B-1FD76DDAC8B7}.DVD-5|Any CPU.Build.0 = Debug|Any CPU
		{DAEAEDC6-EE55-4443-8D3B-1FD76DDAC8B7}.Release|Any CPU.ActiveCfg = Release|Any CPU
		{DAEAEDC6-EE55-4443-8D3B-1FD76DDAC8B7}.Release|Any CPU.Build.0 = Release|Any CPU
		{DAEAEDC6-EE55-4443-8D3B-1FD76DDAC8B7}.SingleImage|Any CPU.ActiveCfg = Release|Any CPU
		{DAEAEDC6-EE55-4443-8D3B-1FD76DDAC8B7}.SingleImage|Any CPU.Build.0 = Release|Any CPU
		{DA62D8D7-6F30-4AAB-AD50-6E869C4E98C5}.CD_ROM|Any CPU.ActiveCfg = CD_ROM
		{DA62D8D7-6F30-4AAB-AD50-6E869C4E98C5}.CD_ROM|Any CPU.Build.0 = CD_ROM
		{DA62D8D7-6F30-4AAB-AD50-6E869C4E98C5}.Debug|Any CPU.ActiveCfg = DVD-5
		{DA62D8D7-6F30-4AAB-AD50-6E869C4E98C5}.Debug|Any CPU.Build.0 = DVD-5
		{DA62D8D7-6F30-4AAB-AD50-6E869C4E98C5}.DVD-5|Any CPU.ActiveCfg = DVD-5
		{DA62D8D7-6F30-4AAB-AD50-6E869C4E98C5}.DVD-5|Any CPU.Build.0 = DVD-5
		{DA62D8D7-6F30-4AAB-AD50-6E869C4E98C5}.Release|Any CPU.ActiveCfg = SingleImage
		{DA62D8D7-6F30-4AAB-AD50-6E869C4E98C5}.Release|Any CPU.Build.0 = SingleImage
		{DA62D8D7-6F30-4AAB-AD50-6E869C4E98C5}.SingleImage|Any CPU.ActiveCfg = SingleImage
		{DA62D8D7-6F30-4AAB-AD50-6E869C4E98C5}.SingleImage|Any CPU.Build.0 = SingleImage
		{541F4D57-1517-4058-AB89-C9E48AAD0FBA}.CD_ROM|Any CPU.ActiveCfg = CD_ROM
		{541F4D57-1517-4058-AB89-C9E48AAD0FBA}.CD_ROM|Any CPU.Build.0 = CD_ROM
		{541F4D57-1517-4058-AB89-C9E48AAD0FBA}.Debug|Any CPU.ActiveCfg = DVD-5
		{541F4D57-1517-4058-AB89-C9E48AAD0FBA}.Debug|Any CPU.Build.0 = DVD-5
		{541F4D57-1517-4058-AB89-C9E48AAD0FBA}.DVD-5|Any CPU.ActiveCfg = DVD-5
		{541F4D57-1517-4058-AB89-C9E48AAD0FBA}.DVD-5|Any CPU.Build.0 = DVD-5
		{541F4D57-1517-4058-AB89-C9E48AAD0FBA}.Release|Any CPU.ActiveCfg = SingleImage
		{541F4D57-1517-4058-AB89-C9E48AAD0FBA}.Release|Any CPU.Build.0 = SingleImage
		{541F4D57-1517-4058-AB89-C9E48AAD0FBA}.SingleImage|Any CPU.ActiveCfg = SingleImage
		{541F4D57-1517-4058-AB89-C9E48AAD0FBA}.SingleImage|Any CPU.Build.0 = SingleImage
	EndGlobalSection
	GlobalSection(SolutionProperties) = preSolution
		HideSolutionNode = FALSE
	EndGlobalSection
EndGlobal
